
Microsoft Visual Studio Solution File, Format Version 12.00
# Visual Studio Version 17
VisualStudioVersion = 17.8.34316.72
MinimumVisualStudioVersion = 10.0.40219.1
Project("{9A19103F-16F7-4668-BE54-9A1E7A4F7556}") = "Mako.Ui", "Mako.Ui\Mako.Ui.csproj", "{6EC097C5-EA9E-4564-8814-82181B59CBB4}"
EndProject
Project("{9A19103F-16F7-4668-BE54-9A1E7A4F7556}") = "Mako.Testbench", "Mako.Testbench\Mako.Testbench.csproj", "{3C1DC542-14DF-4187-B813-087190C4BACB}"
EndProject
Global
	GlobalSection(SolutionConfigurationPlatforms) = preSolution
		Debug|Any CPU = Debug|Any CPU
		Release|Any CPU = Release|Any CPU
	EndGlobalSection
	GlobalSection(ProjectConfigurationPlatforms) = postSolution
		{6EC097C5-EA9E-4564-8814-82181B59CBB4}.Debug|Any CPU.ActiveCfg = Debug|Any CPU
		{6EC097C5-EA9E-4564-8814-82181B59CBB4}.Debug|Any CPU.Build.0 = Debug|Any CPU
		{6EC097C5-EA9E-4564-8814-82181B59CBB4}.Release|Any CPU.ActiveCfg = Release|Any CPU
		{6EC097C5-EA9E-4564-8814-82181B59CBB4}.Release|Any CPU.Build.0 = Release|Any CPU
		{3C1DC542-14DF-4187-B813-087190C4BACB}.Debug|Any CPU.ActiveCfg = Debug|Any CPU
		{3C1DC542-14DF-4187-B813-087190C4BACB}.Debug|Any CPU.Build.0 = Debug|Any CPU
		{3C1DC542-14DF-4187-B813-087190C4BACB}.Debug|Any CPU.Deploy.0 = Debug|Any CPU
		{3C1DC542-14DF-4187-B813-087190C4BACB}.Release|Any CPU.ActiveCfg = Release|Any CPU
		{3C1DC542-14DF-4187-B813-087190C4BACB}.Release|Any CPU.Build.0 = Release|Any CPU
		{3C1DC542-14DF-4187-B813-087190C4BACB}.Release|Any CPU.Deploy.0 = Release|Any CPU
	EndGlobalSection
	GlobalSection(SolutionProperties) = preSolution
		HideSolutionNode = FALSE
	EndGlobalSection
	GlobalSection(ExtensibilityGlobals) = postSolution
		SolutionGuid = {44A0628A-6FB4-4F3C-A985-8833F5189823}
	EndGlobalSection
EndGlobal
